
Microsoft Visual Studio Solution File, Format Version 12.00
# Visual Studio Version 17
VisualStudioVersion = 17.10.34928.147
MinimumVisualStudioVersion = 10.0.40219.1
Project("{FAE04EC0-301F-11D3-BF4B-00C04F79EFBC}") = "PaintDrops", "PaintDrops.csproj", "{EA145B1C-4AE1-4217-AF60-F2174244523F}"
EndProject
Global
	GlobalSection(SolutionConfigurationPlatforms) = preSolution
		Debug|Any CPU = Debug|Any CPU
		Release|Any CPU = Release|Any CPU
	EndGlobalSection
	GlobalSection(ProjectConfigurationPlatforms) = postSolution
		{EA145B1C-4AE1-4217-AF60-F2174244523F}.Debug|Any CPU.ActiveCfg = Debug|Any CPU
		{EA145B1C-4AE1-4217-AF60-F2174244523F}.Debug|Any CPU.Build.0 = Debug|Any CPU
		{EA145B1C-4AE1-4217-AF60-F2174244523F}.Release|Any CPU.ActiveCfg = Release|Any CPU
		{EA145B1C-4AE1-4217-AF60-F2174244523F}.Release|Any CPU.Build.0 = Release|Any CPU
	EndGlobalSection
	GlobalSection(SolutionProperties) = preSolution
		HideSolutionNode = FALSE
	EndGlobalSection
	GlobalSection(ExtensibilityGlobals) = postSolution
		SolutionGuid = {0A383D23-AE1F-40E1-866D-149B9CFFB026}
	EndGlobalSection
EndGlobal
